// !$*UTF8*$!
{
	archiveVersion = 1;
	classes = {
	};
	objectVersion = 46;
	objects = {

/* Begin PBXBuildFile section */
		8870837B1D33700C00BE40EC /* AppDelegate.swift in Sources */ = {isa = PBXBuildFile; fileRef = 8870837A1D33700C00BE40EC /* AppDelegate.swift */; };
		887083801D33700C00BE40EC /* Main.storyboard in Resources */ = {isa = PBXBuildFile; fileRef = 8870837E1D33700C00BE40EC /* Main.storyboard */; };
		887083831D33700C00BE40EC /* Relationship.xcdatamodeld in Sources */ = {isa = PBXBuildFile; fileRef = 887083811D33700C00BE40EC /* Relationship.xcdatamodeld */; };
		887083851D33700C00BE40EC /* Assets.xcassets in Resources */ = {isa = PBXBuildFile; fileRef = 887083841D33700C00BE40EC /* Assets.xcassets */; };
		887083881D33700C00BE40EC /* LaunchScreen.storyboard in Resources */ = {isa = PBXBuildFile; fileRef = 887083861D33700C00BE40EC /* LaunchScreen.storyboard */; };
		887083931D3372F100BE40EC /* Student+CoreDataProperties.swift in Sources */ = {isa = PBXBuildFile; fileRef = 8870838F1D3372F100BE40EC /* Student+CoreDataProperties.swift */; };
		887083941D3372F100BE40EC /* Student.swift in Sources */ = {isa = PBXBuildFile; fileRef = 887083901D3372F100BE40EC /* Student.swift */; };
		887083951D3372F100BE40EC /* Club+CoreDataProperties.swift in Sources */ = {isa = PBXBuildFile; fileRef = 887083911D3372F100BE40EC /* Club+CoreDataProperties.swift */; };
		887083961D3372F100BE40EC /* Club.swift in Sources */ = {isa = PBXBuildFile; fileRef = 887083921D3372F100BE40EC /* Club.swift */; };
		887083981D3373A700BE40EC /* StudentTableViewController.swift in Sources */ = {isa = PBXBuildFile; fileRef = 887083971D3373A700BE40EC /* StudentTableViewController.swift */; };
		8870839A1D3387C700BE40EC /* ClubTableViewController.swift in Sources */ = {isa = PBXBuildFile; fileRef = 887083991D3387C700BE40EC /* ClubTableViewController.swift */; };
/* End PBXBuildFile section */

/* Begin PBXFileReference section */
		887083771D33700C00BE40EC /* Relationship.app */ = {isa = PBXFileReference; explicitFileType = wrapper.application; includeInIndex = 0; path = Relationship.app; sourceTree = BUILT_PRODUCTS_DIR; };
		8870837A1D33700C00BE40EC /* AppDelegate.swift */ = {isa = PBXFileReference; lastKnownFileType = sourcecode.swift; path = AppDelegate.swift; sourceTree = "<group>"; };
		8870837F1D33700C00BE40EC /* Base */ = {isa = PBXFileReference; lastKnownFileType = file.storyboard; name = Base; path = Base.lproj/Main.storyboard; sourceTree = "<group>"; };
		887083821D33700C00BE40EC /* Relationship.xcdatamodel */ = {isa = PBXFileReference; lastKnownFileType = wrapper.xcdatamodel; path = Relationship.xcdatamodel; sourceTree = "<group>"; };
		887083841D33700C00BE40EC /* Assets.xcassets */ = {isa = PBXFileReference; lastKnownFileType = folder.assetcatalog; path = Assets.xcassets; sourceTree = "<group>"; };
		887083871D33700C00BE40EC /* Base */ = {isa = PBXFileReference; lastKnownFileType = file.storyboard; name = Base; path = Base.lproj/LaunchScreen.storyboard; sourceTree = "<group>"; };
		887083891D33700C00BE40EC /* Info.plist */ = {isa = PBXFileReference; lastKnownFileType = text.plist.xml; path = Info.plist; sourceTree = "<group>"; };
		8870838F1D3372F100BE40EC /* Student+CoreDataProperties.swift */ = {isa = PBXFileReference; fileEncoding = 4; lastKnownFileType = sourcecode.swift; path = "Student+CoreDataProperties.swift"; sourceTree = "<group>"; };
		887083901D3372F100BE40EC /* Student.swift */ = {isa = PBXFileReference; fileEncoding = 4; lastKnownFileType = sourcecode.swift; path = Student.swift; sourceTree = "<group>"; };
		887083911D3372F100BE40EC /* Club+CoreDataProperties.swift */ = {isa = PBXFileReference; fileEncoding = 4; lastKnownFileType = sourcecode.swift; path = "Club+CoreDataProperties.swift"; sourceTree = "<group>"; };
		887083921D3372F100BE40EC /* Club.swift */ = {isa = PBXFileReference; fileEncoding = 4; lastKnownFileType = sourcecode.swift; path = Club.swift; sourceTree = "<group>"; };
		887083971D3373A700BE40EC /* StudentTableViewController.swift */ = {isa = PBXFileReference; fileEncoding = 4; lastKnownFileType = sourcecode.swift; path = StudentTableViewController.swift; sourceTree = "<group>"; };
		887083991D3387C700BE40EC /* ClubTableViewController.swift */ = {isa = PBXFileReference; fileEncoding = 4; lastKnownFileType = sourcecode.swift; name = ClubTableViewController.swift; path = ../ClubTableViewController.swift; sourceTree = "<group>"; };
/* End PBXFileReference section */

/* Begin PBXFrameworksBuildPhase section */
		887083741D33700C00BE40EC /* Frameworks */ = {
			isa = PBXFrameworksBuildPhase;
			buildActionMask = 2147483647;
			files = (
			);
			runOnlyForDeploymentPostprocessing = 0;
		};
/* End PBXFrameworksBuildPhase section */

/* Begin PBXGroup section */
		8870836E1D33700C00BE40EC = {
			isa = PBXGroup;
			children = (
				8870838F1D3372F100BE40EC /* Student+CoreDataProperties.swift */,
				887083901D3372F100BE40EC /* Student.swift */,
				887083911D3372F100BE40EC /* Club+CoreDataProperties.swift */,
				887083921D3372F100BE40EC /* Club.swift */,
				887083791D33700C00BE40EC /* Relationship */,
				887083781D33700C00BE40EC /* Products */,
			);
			sourceTree = "<group>";
		};
		887083781D33700C00BE40EC /* Products */ = {
			isa = PBXGroup;
			children = (
				887083771D33700C00BE40EC /* Relationship.app */,
			);
			name = Products;
			sourceTree = "<group>";
		};
		887083791D33700C00BE40EC /* Relationship */ = {
			isa = PBXGroup;
			children = (
				8870837A1D33700C00BE40EC /* AppDelegate.swift */,
				887083971D3373A700BE40EC /* StudentTableViewController.swift */,
				887083991D3387C700BE40EC /* ClubTableViewController.swift */,
				8870837E1D33700C00BE40EC /* Main.storyboard */,
				887083841D33700C00BE40EC /* Assets.xcassets */,
				887083861D33700C00BE40EC /* LaunchScreen.storyboard */,
				887083891D33700C00BE40EC /* Info.plist */,
				887083811D33700C00BE40EC /* Relationship.xcdatamodeld */,
			);
			path = Relationship;
			sourceTree = "<group>";
		};
/* End PBXGroup section */

/* Begin PBXNativeTarget section */
		887083761D33700C00BE40EC /* Relationship */ = {
			isa = PBXNativeTarget;
			buildConfigurationList = 8870838C1D33700C00BE40EC /* Build configuration list for PBXNativeTarget "Relationship" */;
			buildPhases = (
				887083731D33700C00BE40EC /* Sources */,
				887083741D33700C00BE40EC /* Frameworks */,
				887083751D33700C00BE40EC /* Resources */,
			);
			buildRules = (
			);
			dependencies = (
			);
			name = Relationship;
			productName = Relationship;
			productReference = 887083771D33700C00BE40EC /* Relationship.app */;
			productType = "com.apple.product-type.application";
		};
/* End PBXNativeTarget section */

/* Begin PBXProject section */
		8870836F1D33700C00BE40EC /* Project object */ = {
			isa = PBXProject;
			attributes = {
				LastSwiftUpdateCheck = 0720;
				LastUpgradeCheck = 0720;
				ORGANIZATIONNAME = TestOrganization;
				TargetAttributes = {
					887083761D33700C00BE40EC = {
						CreatedOnToolsVersion = 7.2.1;
					};
				};
			};
			buildConfigurationList = 887083721D33700C00BE40EC /* Build configuration list for PBXProject "Relationship" */;
			compatibilityVersion = "Xcode 3.2";
			developmentRegion = English;
			hasScannedForEncodings = 0;
			knownRegions = (
				en,
				Base,
			);
			mainGroup = 8870836E1D33700C00BE40EC;
			productRefGroup = 887083781D33700C00BE40EC /* Products */;
			projectDirPath = "";
			projectRoot = "";
			targets = (
				887083761D33700C00BE40EC /* Relationship */,
			);
		};
/* End PBXProject section */

/* Begin PBXResourcesBuildPhase section */
		887083751D33700C00BE40EC /* Resources */ = {
			isa = PBXResourcesBuildPhase;
			buildActionMask = 2147483647;
			files = (
				887083881D33700C00BE40EC /* LaunchScreen.storyboard in Resources */,
				887083851D33700C00BE40EC /* Assets.xcassets in Resources */,
				887083801D33700C00BE40EC /* Main.storyboard in Resources */,
			);
			runOnlyForDeploymentPostprocessing = 0;
		};
/* End PBXResourcesBuildPhase section */

/* Begin PBXSourcesBuildPhase section */
		887083731D33700C00BE40EC /* Sources */ = {
			isa = PBXSourcesBuildPhase;
			buildActionMask = 2147483647;
			files = (
				887083831D33700C00BE40EC /* Relationship.xcdatamodeld in Sources */,
				887083981D3373A700BE40EC /* StudentTableViewController.swift in Sources */,
				887083931D3372F100BE40EC /* Student+CoreDataProperties.swift in Sources */,
				887083961D3372F100BE40EC /* Club.swift in Sources */,
				887083951D3372F100BE40EC /* Club+CoreDataProperties.swift in Sources */,
				8870839A1D3387C700BE40EC /* ClubTableViewController.swift in Sources */,
				887083941D3372F100BE40EC /* Student.swift in Sources */,
				8870837B1D33700C00BE40EC /* AppDelegate.swift in Sources */,
			);
			runOnlyForDeploymentPostprocessing = 0;
		};
/* End PBXSourcesBuildPhase section */

/* Begin PBXVariantGroup section */
		8870837E1D33700C00BE40EC /* Main.storyboard */ = {
			isa = PBXVariantGroup;
			children = (
				8870837F1D33700C00BE40EC /* Base */,
			);
			name = Main.storyboard;
			sourceTree = "<group>";
		};
		887083861D33700C00BE40EC /* LaunchScreen.storyboard */ = {
			isa = PBXVariantGroup;
			children = (
				887083871D33700C00BE40EC /* Base */,
			);
			name = LaunchScreen.storyboard;
			sourceTree = "<group>";
		};
/* End PBXVariantGroup section */

/* Begin XCBuildConfiguration section */
		8870838A1D33700C00BE40EC /* Debug */ = {
			isa = XCBuildConfiguration;
			buildSettings = {
				ALWAYS_SEARCH_USER_PATHS = NO;
				CLANG_CXX_LANGUAGE_STANDARD = "gnu++0x";
				CLANG_CXX_LIBRARY = "libc++";
				CLANG_ENABLE_MODULES = YES;
				CLANG_ENABLE_OBJC_ARC = YES;
				CLANG_WARN_BOOL_CONVERSION = YES;
				CLANG_WARN_CONSTANT_CONVERSION = YES;
				CLANG_WARN_DIRECT_OBJC_ISA_USAGE = YES_ERROR;
				CLANG_WARN_EMPTY_BODY = YES;
				CLANG_WARN_ENUM_CONVERSION = YES;
				CLANG_WARN_INT_CONVERSION = YES;
				CLANG_WARN_OBJC_ROOT_CLASS = YES_ERROR;
				CLANG_WARN_UNREACHABLE_CODE = YES;
				CLANG_WARN__DUPLICATE_METHOD_MATCH = YES;
				"CODE_SIGN_IDENTITY[sdk=iphoneos*]" = "iPhone Developer";
				COPY_PHASE_STRIP = NO;
				DEBUG_INFORMATION_FORMAT = dwarf;
				ENABLE_STRICT_OBJC_MSGSEND = YES;
				ENABLE_TESTABILITY = YES;
				GCC_C_LANGUAGE_STANDARD = gnu99;
				GCC_DYNAMIC_NO_PIC = NO;
				GCC_NO_COMMON_BLOCKS = YES;
				GCC_OPTIMIZATION_LEVEL = 0;
				GCC_PREPROCESSOR_DEFINITIONS = (
					"DEBUG=1",
					"$(inherited)",
				);
				GCC_WARN_64_TO_32_BIT_CONVERSION = YES;
				GCC_WARN_ABOUT_RETURN_TYPE = YES_ERROR;
				GCC_WARN_UNDECLARED_SELECTOR = YES;
				GCC_WARN_UNINITIALIZED_AUTOS = YES_AGGRESSIVE;
				GCC_WARN_UNUSED_FUNCTION = YES;
				GCC_WARN_UNUSED_VARIABLE = YES;
				IPHONEOS_DEPLOYMENT_TARGET = 9.2;
				MTL_ENABLE_DEBUG_INFO = YES;
				ONLY_ACTIVE_ARCH = YES;
				SDKROOT = iphoneos;
				SWIFT_OPTIMIZATION_LEVEL = "-Onone";
				TARGETED_DEVICE_FAMILY = "1,2";
			};
			name = Debug;
		};
		8870838B1D33700C00BE40EC /* Release */ = {
			isa = XCBuildConfiguration;
			buildSettings = {
				ALWAYS_SEARCH_USER_PATHS = NO;
				CLANG_CXX_LANGUAGE_STANDARD = "gnu++0x";
				CLANG_CXX_LIBRARY = "libc++";
				CLANG_ENABLE_MODULES = YES;
				CLANG_ENABLE_OBJC_ARC = YES;
				CLANG_WARN_BOOL_CONVERSION = YES;
				CLANG_WARN_CONSTANT_CONVERSION = YES;
				CLANG_WARN_DIRECT_OBJC_ISA_USAGE = YES_ERROR;
				CLANG_WARN_EMPTY_BODY = YES;
				CLANG_WARN_ENUM_CONVERSION = YES;
				CLANG_WARN_INT_CONVERSION = YES;
				CLANG_WARN_OBJC_ROOT_CLASS = YES_ERROR;
				CLANG_WARN_UNREACHABLE_CODE = YES;
				CLANG_WARN__DUPLICATE_METHOD_MATCH = YES;
				"CODE_SIGN_IDENTITY[sdk=iphoneos*]" = "iPhone Developer";
				COPY_PHASE_STRIP = NO;
				DEBUG_INFORMATION_FORMAT = "dwarf-with-dsym";
				ENABLE_NS_ASSERTIONS = NO;
				ENABLE_STRICT_OBJC_MSGSEND = YES;
				GCC_C_LANGUAGE_STANDARD = gnu99;
				GCC_NO_COMMON_BLOCKS = YES;
				GCC_WARN_64_TO_32_BIT_CONVERSION = YES;
				GCC_WARN_ABOUT_RETURN_TYPE = YES_ERROR;
				GCC_WARN_UNDECLARED_SELECTOR = YES;
				GCC_WARN_UNINITIALIZED_AUTOS = YES_AGGRESSIVE;
				GCC_WARN_UNUSED_FUNCTION = YES;
				GCC_WARN_UNUSED_VARIABLE = YES;
				IPHONEOS_DEPLOYMENT_TARGET = 9.2;
				MTL_ENABLE_DEBUG_INFO = NO;
				SDKROOT = iphoneos;
				TARGETED_DEVICE_FAMILY = "1,2";
				VALIDATE_PRODUCT = YES;
			};
			name = Release;
		};
		8870838D1D33700C00BE40EC /* Debug */ = {
			isa = XCBuildConfiguration;
			buildSettings = {
				ASSETCATALOG_COMPILER_APPICON_NAME = AppIcon;
				INFOPLIST_FILE = Relationship/Info.plist;
				LD_RUNPATH_SEARCH_PATHS = "$(inherited) @executable_path/Frameworks";
				PRODUCT_BUNDLE_IDENTIFIER = com.test.Relationship;
				PRODUCT_NAME = "$(TARGET_NAME)";
			};
			name = Debug;
		};
		8870838E1D33700C00BE40EC /* Release */ = {
			isa = XCBuildConfiguration;
			buildSettings = {
				ASSETCATALOG_COMPILER_APPICON_NAME = AppIcon;
				INFOPLIST_FILE = Relationship/Info.plist;
				LD_RUNPATH_SEARCH_PATHS = "$(inherited) @executable_path/Frameworks";
				PRODUCT_BUNDLE_IDENTIFIER = com.test.Relationship;
				PRODUCT_NAME = "$(TARGET_NAME)";
			};
			name = Release;
		};
/* End XCBuildConfiguration section */

/* Begin XCConfigurationList section */
		887083721D33700C00BE40EC /* Build configuration list for PBXProject "Relationship" */ = {
			isa = XCConfigurationList;
			buildConfigurations = (
				8870838A1D33700C00BE40EC /* Debug */,
				8870838B1D33700C00BE40EC /* Release */,
			);
			defaultConfigurationIsVisible = 0;
			defaultConfigurationName = Release;
		};
		8870838C1D33700C00BE40EC /* Build configuration list for PBXNativeTarget "Relationship" */ = {
			isa = XCConfigurationList;
			buildConfigurations = (
				8870838D1D33700C00BE40EC /* Debug */,
				8870838E1D33700C00BE40EC /* Release */,
			);
			defaultConfigurationIsVisible = 0;
		};
/* End XCConfigurationList section */

/* Begin XCVersionGroup section */
		887083811D33700C00BE40EC /* Relationship.xcdatamodeld */ = {
			isa = XCVersionGroup;
			children = (
				887083821D33700C00BE40EC /* Relationship.xcdatamodel */,
			);
			currentVersion = 887083821D33700C00BE40EC /* Relationship.xcdatamodel */;
			path = Relationship.xcdatamodeld;
			sourceTree = "<group>";
			versionGroupType = wrapper.xcdatamodel;
		};
/* End XCVersionGroup section */
	};
	rootObject = 8870836F1D33700C00BE40EC /* Project object */;
}
